
Microsoft Visual Studio Solution File, Format Version 12.00
# Visual Studio 15
VisualStudioVersion = 15.0.28307.539
MinimumVisualStudioVersion = 10.0.40219.1
Project("{FAE04EC0-301F-11D3-BF4B-00C04F79EFBC}") = "Schedule", "Schedule\Schedule.csproj", "{CC28ACBB-3E7F-47C5-944A-4CF1FB2B3CAF}"
EndProject
Global
	GlobalSection(SolutionConfigurationPlatforms) = preSolution
		Debug|Any CPU = Debug|Any CPU
		Release|Any CPU = Release|Any CPU
	EndGlobalSection
	GlobalSection(ProjectConfigurationPlatforms) = postSolution
		{CC28ACBB-3E7F-47C5-944A-4CF1FB2B3CAF}.Debug|Any CPU.ActiveCfg = Debug|Any CPU
		{CC28ACBB-3E7F-47C5-944A-4CF1FB2B3CAF}.Debug|Any CPU.Build.0 = Debug|Any CPU
		{CC28ACBB-3E7F-47C5-944A-4CF1FB2B3CAF}.Release|Any CPU.ActiveCfg = Release|Any CPU
		{CC28ACBB-3E7F-47C5-944A-4CF1FB2B3CAF}.Release|Any CPU.Build.0 = Release|Any CPU
	EndGlobalSection
	GlobalSection(SolutionProperties) = preSolution
		HideSolutionNode = FALSE
	EndGlobalSection
	GlobalSection(ExtensibilityGlobals) = postSolution
		SolutionGuid = {D7B72758-C80C-49AD-9528-05357E045645}
	EndGlobalSection
EndGlobal
