
Microsoft Visual Studio Solution File, Format Version 12.00
# Visual Studio 15
VisualStudioVersion = 15.0.27703.2047
MinimumVisualStudioVersion = 10.0.40219.1
Project("{FAE04EC0-301F-11D3-BF4B-00C04F79EFBC}") = "HashTable", "Hash\HashTable.csproj", "{A79351EA-AAB1-4B72-8892-2C3FEB673AD0}"
EndProject
Project("{FAE04EC0-301F-11D3-BF4B-00C04F79EFBC}") = "QuickSort2", "..\QuickSort2\QuickSort2\QuickSort2.csproj", "{D965ECB9-4398-4296-A994-25AC4A437BF3}"
EndProject
Project("{FAE04EC0-301F-11D3-BF4B-00C04F79EFBC}") = "HashTableTest", "HashTableTest\HashTableTest.csproj", "{2942E6C6-D520-4302-A36D-E85C3592A280}"
EndProject
Global
	GlobalSection(SolutionConfigurationPlatforms) = preSolution
		Debug|Any CPU = Debug|Any CPU
		Release|Any CPU = Release|Any CPU
	EndGlobalSection
	GlobalSection(ProjectConfigurationPlatforms) = postSolution
		{A79351EA-AAB1-4B72-8892-2C3FEB673AD0}.Debug|Any CPU.ActiveCfg = Debug|Any CPU
		{A79351EA-AAB1-4B72-8892-2C3FEB673AD0}.Debug|Any CPU.Build.0 = Debug|Any CPU
		{A79351EA-AAB1-4B72-8892-2C3FEB673AD0}.Release|Any CPU.ActiveCfg = Release|Any CPU
		{A79351EA-AAB1-4B72-8892-2C3FEB673AD0}.Release|Any CPU.Build.0 = Release|Any CPU
		{D965ECB9-4398-4296-A994-25AC4A437BF3}.Debug|Any CPU.ActiveCfg = Debug|Any CPU
		{D965ECB9-4398-4296-A994-25AC4A437BF3}.Debug|Any CPU.Build.0 = Debug|Any CPU
		{D965ECB9-4398-4296-A994-25AC4A437BF3}.Release|Any CPU.ActiveCfg = Release|Any CPU
		{D965ECB9-4398-4296-A994-25AC4A437BF3}.Release|Any CPU.Build.0 = Release|Any CPU
		{2942E6C6-D520-4302-A36D-E85C3592A280}.Debug|Any CPU.ActiveCfg = Debug|Any CPU
		{2942E6C6-D520-4302-A36D-E85C3592A280}.Debug|Any CPU.Build.0 = Debug|Any CPU
		{2942E6C6-D520-4302-A36D-E85C3592A280}.Release|Any CPU.ActiveCfg = Release|Any CPU
		{2942E6C6-D520-4302-A36D-E85C3592A280}.Release|Any CPU.Build.0 = Release|Any CPU
	EndGlobalSection
	GlobalSection(SolutionProperties) = preSolution
		HideSolutionNode = FALSE
	EndGlobalSection
	GlobalSection(ExtensibilityGlobals) = postSolution
		SolutionGuid = {277F03EA-4383-4FC8-8DB6-DF451B2392FD}
	EndGlobalSection
EndGlobal
